
Microsoft Visual Studio Solution File, Format Version 12.00
# Visual Studio Version 16
VisualStudioVersion = 16.0.30503.244
MinimumVisualStudioVersion = 10.0.40219.1
Project("{FAE04EC0-301F-11D3-BF4B-00C04F79EFBC}") = "EpiServerGroupProject", "EpiServerGroupProject\EpiServerGroupProject.csproj", "{98EAFE9A-116E-4335-87A4-C4DA7C0B49E3}"
EndProject
Global
	GlobalSection(SolutionConfigurationPlatforms) = preSolution
		Asma|Any CPU = Asma|Any CPU
		Debug|Any CPU = Debug|Any CPU
		Release|Any CPU = Release|Any CPU
	EndGlobalSection
	GlobalSection(ProjectConfigurationPlatforms) = postSolution
		{98EAFE9A-116E-4335-87A4-C4DA7C0B49E3}.Asma|Any CPU.ActiveCfg = Asma|Any CPU
		{98EAFE9A-116E-4335-87A4-C4DA7C0B49E3}.Asma|Any CPU.Build.0 = Asma|Any CPU
		{98EAFE9A-116E-4335-87A4-C4DA7C0B49E3}.Debug|Any CPU.ActiveCfg = Debug|Any CPU
		{98EAFE9A-116E-4335-87A4-C4DA7C0B49E3}.Debug|Any CPU.Build.0 = Debug|Any CPU
		{98EAFE9A-116E-4335-87A4-C4DA7C0B49E3}.Release|Any CPU.ActiveCfg = Release|Any CPU
		{98EAFE9A-116E-4335-87A4-C4DA7C0B49E3}.Release|Any CPU.Build.0 = Release|Any CPU
	EndGlobalSection
	GlobalSection(SolutionProperties) = preSolution
		HideSolutionNode = FALSE
	EndGlobalSection
	GlobalSection(ExtensibilityGlobals) = postSolution
		SolutionGuid = {9CEBE662-5262-40BB-85F1-B277DC5BDC66}
	EndGlobalSection
EndGlobal
